
Microsoft Visual Studio Solution File, Format Version 12.00
# Visual Studio Version 17
VisualStudioVersion = 17.12.35707.178
MinimumVisualStudioVersion = 10.0.40219.1
Project("{FAE04EC0-301F-11D3-BF4B-00C04F79EFBC}") = "MauiAppPrueba", "MauiAppPrueba\MauiAppPrueba.csproj", "{BBEEC8FC-529C-4290-A00C-44283D430010}"
EndProject
Project("{FAE04EC0-301F-11D3-BF4B-00C04F79EFBC}") = "Domain", "Domain\Domain.csproj", "{1B79A28F-FA6F-4D97-B858-A8A945F25BD9}"
EndProject
Project("{FAE04EC0-301F-11D3-BF4B-00C04F79EFBC}") = "MauiAppPrueba.Domain", "MauiAppPrueba.Domain\MauiAppPrueba.Domain.csproj", "{63993106-AC52-4E1F-9882-ECC303BD1C80}"
EndProject
Global
	GlobalSection(SolutionConfigurationPlatforms) = preSolution
		Debug|Any CPU = Debug|Any CPU
		Release|Any CPU = Release|Any CPU
	EndGlobalSection
	GlobalSection(ProjectConfigurationPlatforms) = postSolution
		{BBEEC8FC-529C-4290-A00C-44283D430010}.Debug|Any CPU.ActiveCfg = Debug|Any CPU
		{BBEEC8FC-529C-4290-A00C-44283D430010}.Debug|Any CPU.Build.0 = Debug|Any CPU
		{BBEEC8FC-529C-4290-A00C-44283D430010}.Debug|Any CPU.Deploy.0 = Debug|Any CPU
		{BBEEC8FC-529C-4290-A00C-44283D430010}.Release|Any CPU.ActiveCfg = Release|Any CPU
		{BBEEC8FC-529C-4290-A00C-44283D430010}.Release|Any CPU.Build.0 = Release|Any CPU
		{1B79A28F-FA6F-4D97-B858-A8A945F25BD9}.Debug|Any CPU.ActiveCfg = Debug|Any CPU
		{1B79A28F-FA6F-4D97-B858-A8A945F25BD9}.Debug|Any CPU.Build.0 = Debug|Any CPU
		{1B79A28F-FA6F-4D97-B858-A8A945F25BD9}.Release|Any CPU.ActiveCfg = Release|Any CPU
		{1B79A28F-FA6F-4D97-B858-A8A945F25BD9}.Release|Any CPU.Build.0 = Release|Any CPU
		{63993106-AC52-4E1F-9882-ECC303BD1C80}.Debug|Any CPU.ActiveCfg = Debug|Any CPU
		{63993106-AC52-4E1F-9882-ECC303BD1C80}.Debug|Any CPU.Build.0 = Debug|Any CPU
		{63993106-AC52-4E1F-9882-ECC303BD1C80}.Release|Any CPU.ActiveCfg = Release|Any CPU
		{63993106-AC52-4E1F-9882-ECC303BD1C80}.Release|Any CPU.Build.0 = Release|Any CPU
	EndGlobalSection
	GlobalSection(SolutionProperties) = preSolution
		HideSolutionNode = FALSE
	EndGlobalSection
EndGlobal
